<?xml version="1.0" encoding="utf-8"?>
<Project ToolsVersion="4.0" xmlns="http://schemas.microsoft.com/developer/msbuild/2003">
  <ItemGroup>
    <Filter Include="Source Files">
      <UniqueIdentifier>{27439594-ec8b-4b4b-8ff6-d9cd144ec0a0}</UniqueIdentifier>
      <Extensions>cpp;c;cxx;rc;def;r;odl;idl;hpj;bat</Extensions>
    </Filter>
    <Filter Include="Header Files">
      <UniqueIdentifier>{921617ba-6cb4-4641-bc7b-74ad14e1ae4e}</UniqueIdentifier>
      <Extensions>h;hpp;hxx;hm;inl</Extensions>
    </Filter>
  </ItemGroup>
  <ItemGroup>
    <ClCompile Include="agenda_types.cpp">
      <Filter>Source Files</Filter>
    </ClCompile>
    <ClCompile Include="cbfs_agenda.cpp">
      <Filter>Source Files</Filter>
    </ClCompile>
    <ClCompile Include="cbfs_tracker.cpp">
      <Filter>Source Files</Filter>
    </ClCompile>
    <ClCompile Include="cbfs_tracker_debug.cpp">
      <Filter>Source Files</Filter>
    </ClCompile>
    <ClCompile Include="Opsat.cpp">
      <Filter>Source Files</Filter>
    </ClCompile>
  </ItemGroup>
  <ItemGroup>
    <ClInclude Include="..\..\include\opsat\agenda_types.h">
      <Filter>Header Files</Filter>
    </ClInclude>
    <ClInclude Include="..\..\include\opsat\binaryheap.h">
      <Filter>Header Files</Filter>
    </ClInclude>
    <ClInclude Include="..\..\include\opsat\cbfs_agenda.h">
      <Filter>Header Files</Filter>
    </ClInclude>
    <ClInclude Include="..\..\include\opsat\cbfs_tracker.h">
      <Filter>Header Files</Filter>
    </ClInclude>
    <ClInclude Include="..\..\include\opsat\cbfs_tracker_debug.h">
      <Filter>Header Files</Filter>
    </ClInclude>
    <ClInclude Include="..\..\include\opsat\Opsat.h">
      <Filter>Header Files</Filter>
    </ClInclude>
  </ItemGroup>
</Project>