<?xml version="1.0" encoding="utf-8"?>
<Project ToolsVersion="4.0" xmlns="http://schemas.microsoft.com/developer/msbuild/2003">
  <ItemGroup>
    <Filter Include="Source Files">
      <UniqueIdentifier>{db170feb-b8b8-4d3e-b2a6-4df03311e4cf}</UniqueIdentifier>
      <Extensions>cpp;c;cxx;rc;def;r;odl;idl;hpj;bat</Extensions>
    </Filter>
    <Filter Include="Header Files">
      <UniqueIdentifier>{952d7f2c-30ff-4922-bb7a-840d40c095ac}</UniqueIdentifier>
      <Extensions>h;hpp;hxx;hm;inl</Extensions>
    </Filter>
  </ItemGroup>
  <ItemGroup>
    <ClCompile Include="clause.cpp">
      <Filter>Source Files</Filter>
    </ClCompile>
    <ClCompile Include="enumeration.cpp">
      <Filter>Source Files</Filter>
    </ClCompile>
    <ClCompile Include="from_any.cpp">
      <Filter>Source Files</Filter>
    </ClCompile>
    <ClCompile Include="from_bin.cpp">
      <Filter>Source Files</Filter>
    </ClCompile>
    <ClCompile Include="from_l2.cpp">
      <Filter>Source Files</Filter>
    </ClCompile>
    <ClCompile Include="from_memory.cpp">
      <Filter>Source Files</Filter>
    </ClCompile>
    <ClCompile Include="from_xmpl.cpp">
      <Filter>Source Files</Filter>
    </ClCompile>
    <ClCompile Include="L2_file.cpp">
      <Filter>Source Files</Filter>
    </ClCompile>
    <ClCompile Include="L2_file_translator.cpp">
      <Filter>Source Files</Filter>
    </ClCompile>
    <ClCompile Include="livingstone_reader.cpp">
      <Filter>Source Files</Filter>
    </ClCompile>
    <ClCompile Include="modes.cpp">
      <Filter>Source Files</Filter>
    </ClCompile>
    <ClCompile Include="options.cpp">
      <Filter>Source Files</Filter>
    </ClCompile>
    <ClCompile Include="proposition.cpp">
      <Filter>Source Files</Filter>
    </ClCompile>
    <ClCompile Include="to_bin.cpp">
      <Filter>Source Files</Filter>
    </ClCompile>
    <ClCompile Include="to_l2.cpp">
      <Filter>Source Files</Filter>
    </ClCompile>
    <ClCompile Include="to_t_system.cpp">
      <Filter>Source Files</Filter>
    </ClCompile>
    <ClCompile Include="transition.cpp">
      <Filter>Source Files</Filter>
    </ClCompile>
    <ClCompile Include="variable.cpp">
      <Filter>Source Files</Filter>
    </ClCompile>
    <ClCompile Include="xlate_merge_eq_vars.cpp">
      <Filter>Source Files</Filter>
    </ClCompile>
    <ClCompile Include="xlate_remove_duplicates.cpp">
      <Filter>Source Files</Filter>
    </ClCompile>
    <ClCompile Include="xlate_sort_props.cpp">
      <Filter>Source Files</Filter>
    </ClCompile>
    <ClCompile Include="xlate_strip.cpp">
      <Filter>Source Files</Filter>
    </ClCompile>
  </ItemGroup>
  <ItemGroup>
    <ClInclude Include="..\..\include\readers\clause.h">
      <Filter>Header Files</Filter>
    </ClInclude>
    <ClInclude Include="..\..\include\readers\enumeration.h">
      <Filter>Header Files</Filter>
    </ClInclude>
    <ClInclude Include="..\..\include\readers\from_any.h">
      <Filter>Header Files</Filter>
    </ClInclude>
    <ClInclude Include="..\..\include\readers\from_bin.h">
      <Filter>Header Files</Filter>
    </ClInclude>
    <ClInclude Include="..\..\include\readers\from_l2.h">
      <Filter>Header Files</Filter>
    </ClInclude>
    <ClInclude Include="..\..\include\readers\from_memory.h">
      <Filter>Header Files</Filter>
    </ClInclude>
    <ClInclude Include="..\..\include\readers\from_xmpl.h">
      <Filter>Header Files</Filter>
    </ClInclude>
    <ClInclude Include="..\..\include\readers\L2_file.h">
      <Filter>Header Files</Filter>
    </ClInclude>
    <ClInclude Include="..\..\include\readers\livingstone_reader.h">
      <Filter>Header Files</Filter>
    </ClInclude>
    <ClInclude Include="..\..\include\readers\modes.h">
      <Filter>Header Files</Filter>
    </ClInclude>
    <ClInclude Include="..\..\include\readers\options.h">
      <Filter>Header Files</Filter>
    </ClInclude>
    <ClInclude Include="..\..\include\readers\proposition.h">
      <Filter>Header Files</Filter>
    </ClInclude>
    <ClInclude Include="..\..\include\readers\to_bin.h">
      <Filter>Header Files</Filter>
    </ClInclude>
    <ClInclude Include="..\..\include\readers\to_l2.h">
      <Filter>Header Files</Filter>
    </ClInclude>
    <ClInclude Include="..\..\include\readers\to_t_system.h">
      <Filter>Header Files</Filter>
    </ClInclude>
    <ClInclude Include="..\..\include\readers\transition.h">
      <Filter>Header Files</Filter>
    </ClInclude>
    <ClInclude Include="..\..\include\readers\variable.h">
      <Filter>Header Files</Filter>
    </ClInclude>
    <ClInclude Include="..\..\include\readers\xlate_merge_eq_vars.h">
      <Filter>Header Files</Filter>
    </ClInclude>
    <ClInclude Include="..\..\include\readers\xlate_remove_duplicates.h">
      <Filter>Header Files</Filter>
    </ClInclude>
    <ClInclude Include="..\..\include\readers\xlate_sort_props.h">
      <Filter>Header Files</Filter>
    </ClInclude>
  </ItemGroup>
</Project>