<?xml version="1.0" encoding="utf-8"?>
<Project ToolsVersion="4.0" xmlns="http://schemas.microsoft.com/developer/msbuild/2003">
  <ItemGroup>
    <Filter Include="Source Files">
      <UniqueIdentifier>{8af023c8-f1fd-4ab4-9aff-39010ceb19f0}</UniqueIdentifier>
      <Extensions>cpp;c;cxx;rc;def;r;odl;idl;hpj;bat</Extensions>
    </Filter>
    <Filter Include="Header Files">
      <UniqueIdentifier>{991c094e-7f48-4fc5-80ba-13da29a66adf}</UniqueIdentifier>
      <Extensions>h;hpp;hxx;hm;inl</Extensions>
    </Filter>
  </ItemGroup>
  <ItemGroup>
    <ClCompile Include="Assignable.cpp">
      <Filter>Source Files</Filter>
    </ClCompile>
    <ClCompile Include="Assignment.cpp">
      <Filter>Source Files</Filter>
    </ClCompile>
    <ClCompile Include="assumption.cpp">
      <Filter>Source Files</Filter>
    </ClCompile>
    <ClCompile Include="Candidate.cpp">
      <Filter>Source Files</Filter>
    </ClCompile>
    <ClCompile Include="Conflict.cpp">
      <Filter>Source Files</Filter>
    </ClCompile>
    <ClCompile Include="Conflict_db.cpp">
      <Filter>Source Files</Filter>
    </ClCompile>
    <ClCompile Include="Dependent.cpp">
      <Filter>Source Files</Filter>
    </ClCompile>
    <ClCompile Include="Variable.cpp">
      <Filter>Source Files</Filter>
    </ClCompile>
  </ItemGroup>
  <ItemGroup>
    <ClInclude Include="..\..\include\conflict_db\Assignable.h">
      <Filter>Header Files</Filter>
    </ClInclude>
    <ClInclude Include="..\..\include\conflict_db\Assignment.h">
      <Filter>Header Files</Filter>
    </ClInclude>
    <ClInclude Include="..\..\include\conflict_db\Assumption.h">
      <Filter>Header Files</Filter>
    </ClInclude>
    <ClInclude Include="..\..\include\conflict_db\Candidate.h">
      <Filter>Header Files</Filter>
    </ClInclude>
    <ClInclude Include="..\..\include\conflict_db\Conflict.h">
      <Filter>Header Files</Filter>
    </ClInclude>
    <ClInclude Include="..\..\include\conflict_db\Conflict_db.h">
      <Filter>Header Files</Filter>
    </ClInclude>
    <ClInclude Include="..\..\include\conflict_db\Dependent.h">
      <Filter>Header Files</Filter>
    </ClInclude>
    <ClInclude Include="..\..\include\conflict_db\Variable.h">
      <Filter>Header Files</Filter>
    </ClInclude>
  </ItemGroup>
</Project>